
Microsoft Visual Studio Solution File, Format Version 12.00
# Visual Studio Version 16
VisualStudioVersion = 16.0.30320.27
MinimumVisualStudioVersion = 10.0.40219.1
Project("{FAE04EC0-301F-11D3-BF4B-00C04F79EFBC}") = "hw5ex1", "hw5ex1.csproj", "{4BD5E5BC-732C-4775-B0A8-F5AFBEBCF6FC}"
EndProject
Project("{FAE04EC0-301F-11D3-BF4B-00C04F79EFBC}") = "hm5ex2", "..\hm5ex2\hm5ex2.csproj", "{01DD9B71-B671-4A26-AE73-E1AFEE146BC2}"
EndProject
Project("{FAE04EC0-301F-11D3-BF4B-00C04F79EFBC}") = "hw5ex4", "..\hw5ex4\hw5ex4.csproj", "{B4ED86FA-66A8-4AC5-B7C2-DD86E72CA11E}"
EndProject
Global
	GlobalSection(SolutionConfigurationPlatforms) = preSolution
		Debug|Any CPU = Debug|Any CPU
		Release|Any CPU = Release|Any CPU
	EndGlobalSection
	GlobalSection(ProjectConfigurationPlatforms) = postSolution
		{4BD5E5BC-732C-4775-B0A8-F5AFBEBCF6FC}.Debug|Any CPU.ActiveCfg = Debug|Any CPU
		{4BD5E5BC-732C-4775-B0A8-F5AFBEBCF6FC}.Debug|Any CPU.Build.0 = Debug|Any CPU
		{4BD5E5BC-732C-4775-B0A8-F5AFBEBCF6FC}.Release|Any CPU.ActiveCfg = Release|Any CPU
		{4BD5E5BC-732C-4775-B0A8-F5AFBEBCF6FC}.Release|Any CPU.Build.0 = Release|Any CPU
		{01DD9B71-B671-4A26-AE73-E1AFEE146BC2}.Debug|Any CPU.ActiveCfg = Debug|Any CPU
		{01DD9B71-B671-4A26-AE73-E1AFEE146BC2}.Debug|Any CPU.Build.0 = Debug|Any CPU
		{01DD9B71-B671-4A26-AE73-E1AFEE146BC2}.Release|Any CPU.ActiveCfg = Release|Any CPU
		{01DD9B71-B671-4A26-AE73-E1AFEE146BC2}.Release|Any CPU.Build.0 = Release|Any CPU
		{B4ED86FA-66A8-4AC5-B7C2-DD86E72CA11E}.Debug|Any CPU.ActiveCfg = Debug|Any CPU
		{B4ED86FA-66A8-4AC5-B7C2-DD86E72CA11E}.Debug|Any CPU.Build.0 = Debug|Any CPU
		{B4ED86FA-66A8-4AC5-B7C2-DD86E72CA11E}.Release|Any CPU.ActiveCfg = Release|Any CPU
		{B4ED86FA-66A8-4AC5-B7C2-DD86E72CA11E}.Release|Any CPU.Build.0 = Release|Any CPU
	EndGlobalSection
	GlobalSection(SolutionProperties) = preSolution
		HideSolutionNode = FALSE
	EndGlobalSection
	GlobalSection(ExtensibilityGlobals) = postSolution
		SolutionGuid = {1A79273B-10FE-468C-922A-1554FA2F5374}
	EndGlobalSection
EndGlobal
